
Microsoft Visual Studio Solution File, Format Version 12.00
# Visual Studio Version 16
VisualStudioVersion = 16.0.34931.43
MinimumVisualStudioVersion = 10.0.40219.1
Project("{FAE04EC0-301F-11D3-BF4B-00C04F79EFBC}") = "WinFormsApp1", "WinFormsApp1.csproj", "{C7B9539A-31D4-4106-9EB9-6B21A4A3333F}"
EndProject
Global
	GlobalSection(SolutionConfigurationPlatforms) = preSolution
		Debug|Any CPU = Debug|Any CPU
		Release|Any CPU = Release|Any CPU
	EndGlobalSection
	GlobalSection(ProjectConfigurationPlatforms) = postSolution
		{C7B9539A-31D4-4106-9EB9-6B21A4A3333F}.Debug|Any CPU.ActiveCfg = Debug|Any CPU
		{C7B9539A-31D4-4106-9EB9-6B21A4A3333F}.Debug|Any CPU.Build.0 = Debug|Any CPU
		{C7B9539A-31D4-4106-9EB9-6B21A4A3333F}.Release|Any CPU.ActiveCfg = Release|Any CPU
		{C7B9539A-31D4-4106-9EB9-6B21A4A3333F}.Release|Any CPU.Build.0 = Release|Any CPU
	EndGlobalSection
	GlobalSection(SolutionProperties) = preSolution
		HideSolutionNode = FALSE
	EndGlobalSection
	GlobalSection(ExtensibilityGlobals) = postSolution
		SolutionGuid = {F6E5014C-EB08-4AD2-BC3F-F5306ECB3428}
	EndGlobalSection
EndGlobal
